// !$*UTF8*$!
{
	archiveVersion = 1;
	classes = {
	};
	objectVersion = 77;
	objects = {

/* Begin PBXBuildFile section */
		D96B2D8C3043443300D9BB23 /* CoreLocation.framework in Frameworks */ = {isa = PBXBuildFile; fileRef = D96B2D8B3043443300D9BB23 /* CoreLocation.framework */; };
		D96B2D8E3043443E00D9BB23 /* MapKit.framework in Frameworks */ = {isa = PBXBuildFile; fileRef = D96B2D8D3043443E00D9BB23 /* MapKit.framework */; };
		D96B2D903043444900D9BB23 /* AVFoundation.framework in Frameworks */ = {isa = PBXBuildFile; fileRef = D96B2D8F3043444900D9BB23 /* AVFoundation.framework */; };
		D96B2D923043445900D9BB23 /* UserNotifications.framework in Frameworks */ = {isa = PBXBuildFile; fileRef = D96B2D913043445900D9BB23 /* UserNotifications.framework */; };
		D96B2D943043448300D9BB23 /* EventKit.framework in Frameworks */ = {isa = PBXBuildFile; fileRef = D96B2D933043448300D9BB23 /* EventKit.framework */; };
		D9D22FC33046C23B0025D8AC /* StoreKit.framework in Frameworks */ = {isa = PBXBuildFile; fileRef = D9D22FC23046C23B0025D8AC /* StoreKit.framework */; };
/* End PBXBuildFile section */

/* Begin PBXFileReference section */
		D96B2D7830432DF300D9BB23 /* Adhan.app */ = {isa = PBXFileReference; explicitFileType = wrapper.application; includeInIndex = 0; path = Adhan.app; sourceTree = BUILT_PRODUCTS_DIR; };
		D96B2D8B3043443300D9BB23 /* CoreLocation.framework */ = {isa = PBXFileReference; lastKnownFileType = wrapper.framework; name = CoreLocation.framework; path = System/Library/Frameworks/CoreLocation.framework; sourceTree = SDKROOT; };
		D96B2D8D3043443E00D9BB23 /* MapKit.framework */ = {isa = PBXFileReference; lastKnownFileType = wrapper.framework; name = MapKit.framework; path = System/Library/Frameworks/MapKit.framework; sourceTree = SDKROOT; };
		D96B2D8F3043444900D9BB23 /* AVFoundation.framework */ = {isa = PBXFileReference; lastKnownFileType = wrapper.framework; name = AVFoundation.framework; path = System/Library/Frameworks/AVFoundation.framework; sourceTree = SDKROOT; };
		D96B2D913043445900D9BB23 /* UserNotifications.framework */ = {isa = PBXFileReference; lastKnownFileType = wrapper.framework; name = UserNotifications.framework; path = System/Library/Frameworks/UserNotifications.framework; sourceTree = SDKROOT; };
		D96B2D933043448300D9BB23 /* EventKit.framework */ = {isa = PBXFileReference; lastKnownFileType = wrapper.framework; name = EventKit.framework; path = System/Library/Frameworks/EventKit.framework; sourceTree = SDKROOT; };
		D9D22FC23046C23B0025D8AC /* StoreKit.framework */ = {isa = PBXFileReference; lastKnownFileType = wrapper.framework; name = StoreKit.framework; path = System/Library/Frameworks/StoreKit.framework; sourceTree = SDKROOT; };
		D9D23283304B274C0025D8AC /* Products.storekit */ = {isa = PBXFileReference; lastKnownFileType = text; name = Products.storekit; path = Adhan/Products.storekit; sourceTree = "<group>"; };
/* End PBXFileReference section */

/* Begin PBXFileSystemSynchronizedBuildFileExceptionSet section */
		D96B2D8730432EDB00D9BB23 /* Exceptions for "Adhan" folder in "Adhan" target */ = {
			isa = PBXFileSystemSynchronizedBuildFileExceptionSet;
			membershipExceptions = (
				Info.plist,
			);
			target = D96B2D7730432DF300D9BB23 /* Adhan */;
		};
/* End PBXFileSystemSynchronizedBuildFileExceptionSet section */

/* Begin PBXFileSystemSynchronizedRootGroup section */
		D96B2D7A30432DF300D9BB23 /* Adhan */ = {
			isa = PBXFileSystemSynchronizedRootGroup;
			exceptions = (
				D96B2D8730432EDB00D9BB23 /* Exceptions for "Adhan" folder in "Adhan" target */,
			);
			path = Adhan;
			sourceTree = "<group>";
		};
/* End PBXFileSystemSynchronizedRootGroup section */

/* Begin PBXFrameworksBuildPhase section */
		D96B2D7530432DF300D9BB23 /* Frameworks */ = {
			isa = PBXFrameworksBuildPhase;
			buildActionMask = 2147483647;
			files = (
				D96B2D923043445900D9BB23 /* UserNotifications.framework in Frameworks */,
				D96B2D943043448300D9BB23 /* EventKit.framework in Frameworks */,
				D96B2D8E3043443E00D9BB23 /* MapKit.framework in Frameworks */,
				D9D22FC33046C23B0025D8AC /* StoreKit.framework in Frameworks */,
				D96B2D8C3043443300D9BB23 /* CoreLocation.framework in Frameworks */,
				D96B2D903043444900D9BB23 /* AVFoundation.framework in Frameworks */,
			);
			runOnlyForDeploymentPostprocessing = 0;
		};
/* End PBXFrameworksBuildPhase section */

/* Begin PBXGroup section */
		D96B2D6F30432DF300D9BB23 = {
			isa = PBXGroup;
			children = (
				D9D23283304B274C0025D8AC /* Products.storekit */,
				D96B2D7A30432DF300D9BB23 /* Adhan */,
				D96B2D8A3043443300D9BB23 /* Frameworks */,
				D96B2D7930432DF300D9BB23 /* Products */,
			);
			sourceTree = "<group>";
		};
		D96B2D7930432DF300D9BB23 /* Products */ = {
			isa = PBXGroup;
			children = (
				D96B2D7830432DF300D9BB23 /* Adhan.app */,
			);
			name = Products;
			sourceTree = "<group>";
		};
		D96B2D8A3043443300D9BB23 /* Frameworks */ = {
			isa = PBXGroup;
			children = (
				D9D22FC23046C23B0025D8AC /* StoreKit.framework */,
				D96B2D933043448300D9BB23 /* EventKit.framework */,
				D96B2D913043445900D9BB23 /* UserNotifications.framework */,
				D96B2D8F3043444900D9BB23 /* AVFoundation.framework */,
				D96B2D8D3043443E00D9BB23 /* MapKit.framework */,
				D96B2D8B3043443300D9BB23 /* CoreLocation.framework */,
			);
			name = Frameworks;
			sourceTree = "<group>";
		};
/* End PBXGroup section */

/* Begin PBXNativeTarget section */
		D96B2D7730432DF300D9BB23 /* Adhan */ = {
			isa = PBXNativeTarget;
			buildConfigurationList = D96B2D8330432DF400D9BB23 /* Build configuration list for PBXNativeTarget "Adhan" */;
			buildPhases = (
				D96B2D7430432DF300D9BB23 /* Sources */,
				D96B2D7530432DF300D9BB23 /* Frameworks */,
				D96B2D7630432DF300D9BB23 /* Resources */,
			);
			buildRules = (
			);
			dependencies = (
			);
			fileSystemSynchronizedGroups = (
				D96B2D7A30432DF300D9BB23 /* Adhan */,
			);
			name = Adhan;
			packageProductDependencies = (
			);
			productName = Adhan;
			productReference = D96B2D7830432DF300D9BB23 /* Adhan.app */;
			productType = "com.apple.product-type.application";
		};
/* End PBXNativeTarget section */

/* Begin PBXProject section */
		D96B2D7030432DF300D9BB23 /* Project object */ = {
			isa = PBXProject;
			attributes = {
				BuildIndependentTargetsInParallel = 1;
				LastSwiftUpdateCheck = 2640;
				LastUpgradeCheck = 2660;
				TargetAttributes = {
					D96B2D7730432DF300D9BB23 = {
						CreatedOnToolsVersion = 26.4.1;
					};
				};
			};
			buildConfigurationList = D96B2D7330432DF300D9BB23 /* Build configuration list for PBXProject "Adhan" */;
			developmentRegion = en;
			hasScannedForEncodings = 0;
			knownRegions = (
				en,
				Base,
			);
			mainGroup = D96B2D6F30432DF300D9BB23;
			minimizedProjectReferenceProxies = 1;
			preferredProjectObjectVersion = 77;
			productRefGroup = D96B2D7930432DF300D9BB23 /* Products */;
			projectDirPath = "";
			projectRoot = "";
			targets = (
				D96B2D7730432DF300D9BB23 /* Adhan */,
			);
		};
/* End PBXProject section */

/* Begin PBXResourcesBuildPhase section */
		D96B2D7630432DF300D9BB23 /* Resources */ = {
			isa = PBXResourcesBuildPhase;
			buildActionMask = 2147483647;
			files = (
			);
			runOnlyForDeploymentPostprocessing = 0;
		};
/* End PBXResourcesBuildPhase section */

/* Begin PBXSourcesBuildPhase section */
		D96B2D7430432DF300D9BB23 /* Sources */ = {
			isa = PBXSourcesBuildPhase;
			buildActionMask = 2147483647;
			files = (
			);
			runOnlyForDeploymentPostprocessing = 0;
		};
/* End PBXSourcesBuildPhase section */

/* Begin XCBuildConfiguration section */
		D96B2D8130432DF400D9BB23 /* Debug */ = {
			isa = XCBuildConfiguration;
			buildSettings = {
				ALWAYS_SEARCH_USER_PATHS = NO;
				ASSETCATALOG_COMPILER_GENERATE_SWIFT_ASSET_SYMBOL_EXTENSIONS = YES;
				CLANG_ANALYZER_NONNULL = YES;
				CLANG_ANALYZER_NUMBER_OBJECT_CONVERSION = YES_AGGRESSIVE;
				CLANG_CXX_LANGUAGE_STANDARD = "gnu++20";
				CLANG_ENABLE_MODULES = YES;
				CLANG_ENABLE_OBJC_ARC = YES;
				CLANG_ENABLE_OBJC_WEAK = YES;
				CLANG_WARN_BLOCK_CAPTURE_AUTORELEASING = YES;
				CLANG_WARN_BOOL_CONVERSION = YES;
				CLANG_WARN_COMMA = YES;
				CLANG_WARN_CONSTANT_CONVERSION = YES;
				CLANG_WARN_DEPRECATED_OBJC_IMPLEMENTATIONS = YES;
				CLANG_WARN_DIRECT_OBJC_ISA_USAGE = YES_ERROR;
				CLANG_WARN_DOCUMENTATION_COMMENTS = YES;
				CLANG_WARN_EMPTY_BODY = YES;
				CLANG_WARN_ENUM_CONVERSION = YES;
				CLANG_WARN_INFINITE_RECURSION = YES;
				CLANG_WARN_INT_CONVERSION = YES;
				CLANG_WARN_NON_LITERAL_NULL_CONVERSION = YES;
				CLANG_WARN_OBJC_IMPLICIT_RETAIN_SELF = YES;
				CLANG_WARN_OBJC_LITERAL_CONVERSION = YES;
				CLANG_WARN_OBJC_ROOT_CLASS = YES_ERROR;
				CLANG_WARN_QUOTED_INCLUDE_IN_FRAMEWORK_HEADER = YES;
				CLANG_WARN_RANGE_LOOP_ANALYSIS = YES;
				CLANG_WARN_STRICT_PROTOTYPES = YES;
				CLANG_WARN_SUSPICIOUS_MOVE = YES;
				CLANG_WARN_UNGUARDED_AVAILABILITY = YES_AGGRESSIVE;
				CLANG_WARN_UNREACHABLE_CODE = YES;
				CLANG_WARN__DUPLICATE_METHOD_MATCH = YES;
				COPY_PHASE_STRIP = NO;
				DEBUG_INFORMATION_FORMAT = dwarf;
				DEVELOPMENT_TEAM = P7G6DB2JKP;
				ENABLE_STRICT_OBJC_MSGSEND = YES;
				ENABLE_TESTABILITY = YES;
				ENABLE_USER_SCRIPT_SANDBOXING = YES;
				GCC_C_LANGUAGE_STANDARD = gnu17;
				GCC_DYNAMIC_NO_PIC = NO;
				GCC_NO_COMMON_BLOCKS = YES;
				GCC_OPTIMIZATION_LEVEL = 0;
				GCC_PREPROCESSOR_DEFINITIONS = (
					"DEBUG=1",
					"$(inherited)",
				);
				GCC_WARN_64_TO_32_BIT_CONVERSION = YES;
				GCC_WARN_ABOUT_RETURN_TYPE = YES_ERROR;
				GCC_WARN_UNDECLARED_SELECTOR = YES;
				GCC_WARN_UNINITIALIZED_AUTOS = YES_AGGRESSIVE;
				GCC_WARN_UNUSED_FUNCTION = YES;
				GCC_WARN_UNUSED_VARIABLE = YES;
				IPHONEOS_DEPLOYMENT_TARGET = 15.6;
				LOCALIZATION_PREFERS_STRING_CATALOGS = YES;
				MTL_ENABLE_DEBUG_INFO = INCLUDE_SOURCE;
				MTL_FAST_MATH = YES;
				ONLY_ACTIVE_ARCH = YES;
				SDKROOT = iphoneos;
				STRING_CATALOG_GENERATE_SYMBOLS = YES;
				SWIFT_ACTIVE_COMPILATION_CONDITIONS = "DEBUG $(inherited)";
				SWIFT_OPTIMIZATION_LEVEL = "-Onone";
			};
			name = Debug;
		};
		D96B2D8230432DF400D9BB23 /* Release */ = {
			isa = XCBuildConfiguration;
			buildSettings = {
				ALWAYS_SEARCH_USER_PATHS = NO;
				ASSETCATALOG_COMPILER_GENERATE_SWIFT_ASSET_SYMBOL_EXTENSIONS = YES;
				CLANG_ANALYZER_NONNULL = YES;
				CLANG_ANALYZER_NUMBER_OBJECT_CONVERSION = YES_AGGRESSIVE;
				CLANG_CXX_LANGUAGE_STANDARD = "gnu++20";
				CLANG_ENABLE_MODULES = YES;
				CLANG_ENABLE_OBJC_ARC = YES;
				CLANG_ENABLE_OBJC_WEAK = YES;
				CLANG_WARN_BLOCK_CAPTURE_AUTORELEASING = YES;
				CLANG_WARN_BOOL_CONVERSION = YES;
				CLANG_WARN_COMMA = YES;
				CLANG_WARN_CONSTANT_CONVERSION = YES;
				CLANG_WARN_DEPRECATED_OBJC_IMPLEMENTATIONS = YES;
				CLANG_WARN_DIRECT_OBJC_ISA_USAGE = YES_ERROR;
				CLANG_WARN_DOCUMENTATION_COMMENTS = YES;
				CLANG_WARN_EMPTY_BODY = YES;
				CLANG_WARN_ENUM_CONVERSION = YES;
				CLANG_WARN_INFINITE_RECURSION = YES;
				CLANG_WARN_INT_CONVERSION = YES;
				CLANG_WARN_NON_LITERAL_NULL_CONVERSION = YES;
				CLANG_WARN_OBJC_IMPLICIT_RETAIN_SELF = YES;
				CLANG_WARN_OBJC_LITERAL_CONVERSION = YES;
				CLANG_WARN_OBJC_ROOT_CLASS = YES_ERROR;
				CLANG_WARN_QUOTED_INCLUDE_IN_FRAMEWORK_HEADER = YES;
				CLANG_WARN_RANGE_LOOP_ANALYSIS = YES;
				CLANG_WARN_STRICT_PROTOTYPES = YES;
				CLANG_WARN_SUSPICIOUS_MOVE = YES;
				CLANG_WARN_UNGUARDED_AVAILABILITY = YES_AGGRESSIVE;
				CLANG_WARN_UNREACHABLE_CODE = YES;
				CLANG_WARN__DUPLICATE_METHOD_MATCH = YES;
				COPY_PHASE_STRIP = NO;
				DEBUG_INFORMATION_FORMAT = "dwarf-with-dsym";
				DEVELOPMENT_TEAM = P7G6DB2JKP;
				ENABLE_NS_ASSERTIONS = NO;
				ENABLE_STRICT_OBJC_MSGSEND = YES;
				ENABLE_USER_SCRIPT_SANDBOXING = YES;
				GCC_C_LANGUAGE_STANDARD = gnu17;
				GCC_NO_COMMON_BLOCKS = YES;
				GCC_WARN_64_TO_32_BIT_CONVERSION = YES;
				GCC_WARN_ABOUT_RETURN_TYPE = YES_ERROR;
				GCC_WARN_UNDECLARED_SELECTOR = YES;
				GCC_WARN_UNINITIALIZED_AUTOS = YES_AGGRESSIVE;
				GCC_WARN_UNUSED_FUNCTION = YES;
				GCC_WARN_UNUSED_VARIABLE = YES;
				IPHONEOS_DEPLOYMENT_TARGET = 15.6;
				LOCALIZATION_PREFERS_STRING_CATALOGS = YES;
				MTL_ENABLE_DEBUG_INFO = NO;
				MTL_FAST_MATH = YES;
				SDKROOT = iphoneos;
				STRING_CATALOG_GENERATE_SYMBOLS = YES;
				SWIFT_COMPILATION_MODE = wholemodule;
				VALIDATE_PRODUCT = YES;
			};
			name = Release;
		};
		D96B2D8430432DF400D9BB23 /* Debug */ = {
			isa = XCBuildConfiguration;
			buildSettings = {
				ASSETCATALOG_COMPILER_APPICON_NAME = AppIcon;
				ASSETCATALOG_COMPILER_GLOBAL_ACCENT_COLOR_NAME = AccentColor;
				CODE_SIGN_STYLE = Automatic;
				CURRENT_PROJECT_VERSION = 1;
				DEVELOPMENT_TEAM = P7G6DB2JKP;
				ENABLE_PREVIEWS = YES;
				GENERATE_INFOPLIST_FILE = YES;
				INFOPLIST_FILE = Adhan/Info.plist;
				INFOPLIST_KEY_ITSAppUsesNonExemptEncryption = NO;
				INFOPLIST_KEY_LSSupportsOpeningDocumentsInPlace = YES;
				INFOPLIST_KEY_NSCalendarsUsageDescription = "Adhan souhaite exporter les horaires de prière vers votre calendrier pour vous faciliter le suivi.";
				INFOPLIST_KEY_NSCameraUsageDescription = "Adhan utilise la lampe torche pour vous avertir visuellement lors des heures de prière.";
				INFOPLIST_KEY_NSLocationAlwaysAndWhenInUseUsageDescription = "Adhan a besoin de votre position pour calculer les heures de prière et la direction de la Qibla, même en arrière-plan.";
				INFOPLIST_KEY_NSLocationAlwaysUsageDescription = "L'application a besoin de votre position pour calculer les heures de prière et la direction de la Qibla, même en arrière-plan.";
				INFOPLIST_KEY_NSLocationWhenInUseUsageDescription = "Adhan a besoin de votre position pour calculer les heures de prière et la direction de la Qibla.";
				INFOPLIST_KEY_NSMicrophoneUsageDescription = "Adhan a besoin d'accéder au microphone pour détecter l'appel à la prière.";
				INFOPLIST_KEY_UIApplicationSupportsIndirectInputEvents = YES;
				INFOPLIST_KEY_UILaunchScreen_Generation = YES;
				INFOPLIST_KEY_UISupportedInterfaceOrientations_iPad = "UIInterfaceOrientationPortrait UIInterfaceOrientationPortraitUpsideDown UIInterfaceOrientationLandscapeLeft UIInterfaceOrientationLandscapeRight";
				INFOPLIST_KEY_UISupportedInterfaceOrientations_iPhone = "UIInterfaceOrientationPortrait UIInterfaceOrientationLandscapeLeft UIInterfaceOrientationLandscapeRight";
				INFOPLIST_KEY_UISupportsDocumentBrowser = YES;
				INFOPLIST_KEY_UIUserInterfaceStyle = Automatic;
				IPHONEOS_DEPLOYMENT_TARGET = 16.6;
				LD_RUNPATH_SEARCH_PATHS = (
					"$(inherited)",
					"@executable_path/Frameworks",
				);
				MARKETING_VERSION = 1.0.5;
				PRODUCT_BUNDLE_IDENTIFIER = mlseclab.Adhan;
				PRODUCT_NAME = "$(TARGET_NAME)";
				STRING_CATALOG_GENERATE_SYMBOLS = YES;
				SWIFT_APPROACHABLE_CONCURRENCY = YES;
				SWIFT_DEFAULT_ACTOR_ISOLATION = MainActor;
				SWIFT_EMIT_LOC_STRINGS = YES;
				SWIFT_UPCOMING_FEATURE_MEMBER_IMPORT_VISIBILITY = YES;
				SWIFT_VERSION = 5.0;
				TARGETED_DEVICE_FAMILY = "1,2";
			};
			name = Debug;
		};
		D96B2D8530432DF400D9BB23 /* Release */ = {
			isa = XCBuildConfiguration;
			buildSettings = {
				ASSETCATALOG_COMPILER_APPICON_NAME = AppIcon;
				ASSETCATALOG_COMPILER_GLOBAL_ACCENT_COLOR_NAME = AccentColor;
				CODE_SIGN_STYLE = Automatic;
				CURRENT_PROJECT_VERSION = 1;
				DEVELOPMENT_TEAM = P7G6DB2JKP;
				ENABLE_PREVIEWS = YES;
				GENERATE_INFOPLIST_FILE = YES;
				INFOPLIST_FILE = Adhan/Info.plist;
				INFOPLIST_KEY_ITSAppUsesNonExemptEncryption = NO;
				INFOPLIST_KEY_LSSupportsOpeningDocumentsInPlace = YES;
				INFOPLIST_KEY_NSCalendarsUsageDescription = "Adhan souhaite exporter les horaires de prière vers votre calendrier pour vous faciliter le suivi.";
				INFOPLIST_KEY_NSCameraUsageDescription = "Adhan utilise la lampe torche pour vous avertir visuellement lors des heures de prière.";
				INFOPLIST_KEY_NSLocationAlwaysAndWhenInUseUsageDescription = "Adhan a besoin de votre position pour calculer les heures de prière et la direction de la Qibla, même en arrière-plan.";
				INFOPLIST_KEY_NSLocationAlwaysUsageDescription = "L'application a besoin de votre position pour calculer les heures de prière et la direction de la Qibla, même en arrière-plan.";
				INFOPLIST_KEY_NSLocationWhenInUseUsageDescription = "Adhan a besoin de votre position pour calculer les heures de prière et la direction de la Qibla.";
				INFOPLIST_KEY_NSMicrophoneUsageDescription = "Adhan a besoin d'accéder au microphone pour détecter l'appel à la prière.";
				INFOPLIST_KEY_UIApplicationSupportsIndirectInputEvents = YES;
				INFOPLIST_KEY_UILaunchScreen_Generation = YES;
				INFOPLIST_KEY_UISupportedInterfaceOrientations_iPad = "UIInterfaceOrientationPortrait UIInterfaceOrientationPortraitUpsideDown UIInterfaceOrientationLandscapeLeft UIInterfaceOrientationLandscapeRight";
				INFOPLIST_KEY_UISupportedInterfaceOrientations_iPhone = "UIInterfaceOrientationPortrait UIInterfaceOrientationLandscapeLeft UIInterfaceOrientationLandscapeRight";
				INFOPLIST_KEY_UISupportsDocumentBrowser = YES;
				INFOPLIST_KEY_UIUserInterfaceStyle = Automatic;
				IPHONEOS_DEPLOYMENT_TARGET = 16.6;
				LD_RUNPATH_SEARCH_PATHS = (
					"$(inherited)",
					"@executable_path/Frameworks",
				);
				MARKETING_VERSION = 1.0.5;
				PRODUCT_BUNDLE_IDENTIFIER = mlseclab.Adhan;
				PRODUCT_NAME = "$(TARGET_NAME)";
				STRING_CATALOG_GENERATE_SYMBOLS = YES;
				SWIFT_APPROACHABLE_CONCURRENCY = YES;
				SWIFT_DEFAULT_ACTOR_ISOLATION = MainActor;
				SWIFT_EMIT_LOC_STRINGS = YES;
				SWIFT_UPCOMING_FEATURE_MEMBER_IMPORT_VISIBILITY = YES;
				SWIFT_VERSION = 5.0;
				TARGETED_DEVICE_FAMILY = "1,2";
			};
			name = Release;
		};
/* End XCBuildConfiguration section */

/* Begin XCConfigurationList section */
		D96B2D7330432DF300D9BB23 /* Build configuration list for PBXProject "Adhan" */ = {
			isa = XCConfigurationList;
			buildConfigurations = (
				D96B2D8130432DF400D9BB23 /* Debug */,
				D96B2D8230432DF400D9BB23 /* Release */,
			);
			defaultConfigurationIsVisible = 0;
			defaultConfigurationName = Release;
		};
		D96B2D8330432DF400D9BB23 /* Build configuration list for PBXNativeTarget "Adhan" */ = {
			isa = XCConfigurationList;
			buildConfigurations = (
				D96B2D8430432DF400D9BB23 /* Debug */,
				D96B2D8530432DF400D9BB23 /* Release */,
			);
			defaultConfigurationIsVisible = 0;
			defaultConfigurationName = Release;
		};
/* End XCConfigurationList section */
	};
	rootObject = D96B2D7030432DF300D9BB23 /* Project object */;
}
